
Microsoft Visual Studio Solution File, Format Version 12.00
# Visual Studio 15
VisualStudioVersion = 15.0.27130.2027
MinimumVisualStudioVersion = 10.0.40219.1
Project("{FAE04EC0-301F-11D3-BF4B-00C04F79EFBC}") = "WindowsFormsApp23", "WindowsFormsApp23\WindowsFormsApp23.csproj", "{F17969B0-4FC1-4220-B458-1EE789E436A9}"
EndProject
Global
	GlobalSection(SolutionConfigurationPlatforms) = preSolution
		Debug|Any CPU = Debug|Any CPU
		Release|Any CPU = Release|Any CPU
	EndGlobalSection
	GlobalSection(ProjectConfigurationPlatforms) = postSolution
		{F17969B0-4FC1-4220-B458-1EE789E436A9}.Debug|Any CPU.ActiveCfg = Debug|Any CPU
		{F17969B0-4FC1-4220-B458-1EE789E436A9}.Debug|Any CPU.Build.0 = Debug|Any CPU
		{F17969B0-4FC1-4220-B458-1EE789E436A9}.Release|Any CPU.ActiveCfg = Release|Any CPU
		{F17969B0-4FC1-4220-B458-1EE789E436A9}.Release|Any CPU.Build.0 = Release|Any CPU
	EndGlobalSection
	GlobalSection(SolutionProperties) = preSolution
		HideSolutionNode = FALSE
	EndGlobalSection
	GlobalSection(ExtensibilityGlobals) = postSolution
		SolutionGuid = {2A7C1BB8-4859-4F42-AE41-2D52F0E9AE0A}
	EndGlobalSection
EndGlobal
